
Microsoft Visual Studio Solution File, Format Version 9.00
# Visual C# Express 2005
Project("{FAE04EC0-301F-11D3-BF4B-00C04F79EFBC}") = "Numbrella", "Numbrella\Numbrella.csproj", "{66AA2B4D-2C66-4104-8615-EC710DCC9070}"
EndProject
Global
	GlobalSection(SolutionConfigurationPlatforms) = preSolution
		Debug|Any CPU = Debug|Any CPU
		Release|Any CPU = Release|Any CPU
	EndGlobalSection
	GlobalSection(ProjectConfigurationPlatforms) = postSolution
		{66AA2B4D-2C66-4104-8615-EC710DCC9070}.Debug|Any CPU.ActiveCfg = Debug|Any CPU
		{66AA2B4D-2C66-4104-8615-EC710DCC9070}.Debug|Any CPU.Build.0 = Debug|Any CPU
		{66AA2B4D-2C66-4104-8615-EC710DCC9070}.Release|Any CPU.ActiveCfg = Release|Any CPU
		{66AA2B4D-2C66-4104-8615-EC710DCC9070}.Release|Any CPU.Build.0 = Release|Any CPU
	EndGlobalSection
	GlobalSection(SolutionProperties) = preSolution
		HideSolutionNode = FALSE
	EndGlobalSection
EndGlobal
